
Microsoft Visual Studio Solution File, Format Version 12.00
# Visual Studio Version 16
VisualStudioVersion = 16.0.32106.194
MinimumVisualStudioVersion = 10.0.40219.1
Project("{FAE04EC0-301F-11D3-BF4B-00C04F79EFBC}") = "WebApplication1", "WebApplication1.csproj", "{AA286CCA-B374-41AA-9356-E1DBBF224491}"
EndProject
Global
	GlobalSection(SolutionConfigurationPlatforms) = preSolution
		Debug|Any CPU = Debug|Any CPU
		Release|Any CPU = Release|Any CPU
	EndGlobalSection
	GlobalSection(ProjectConfigurationPlatforms) = postSolution
		{AA286CCA-B374-41AA-9356-E1DBBF224491}.Debug|Any CPU.ActiveCfg = Debug|Any CPU
		{AA286CCA-B374-41AA-9356-E1DBBF224491}.Debug|Any CPU.Build.0 = Debug|Any CPU
		{AA286CCA-B374-41AA-9356-E1DBBF224491}.Release|Any CPU.ActiveCfg = Release|Any CPU
		{AA286CCA-B374-41AA-9356-E1DBBF224491}.Release|Any CPU.Build.0 = Release|Any CPU
	EndGlobalSection
	GlobalSection(SolutionProperties) = preSolution
		HideSolutionNode = FALSE
	EndGlobalSection
	GlobalSection(ExtensibilityGlobals) = postSolution
		SolutionGuid = {DCAAF3A9-E57C-4A3C-83A0-92504EA7546C}
	EndGlobalSection
EndGlobal
